
Microsoft Visual Studio Solution File, Format Version 12.00
# Visual Studio 15
VisualStudioVersion = 15.0.28307.960
MinimumVisualStudioVersion = 10.0.40219.1
Project("{FAE04EC0-301F-11D3-BF4B-00C04F79EFBC}") = "libJanken", "libJanken\libJanken.csproj", "{40D340D4-BAF0-4A33-9246-E813E67426FC}"
EndProject
Project("{FAE04EC0-301F-11D3-BF4B-00C04F79EFBC}") = "Janken", "janken\Janken.csproj", "{F2A635E7-BBC1-47A6-9217-2596CBA334BD}"
EndProject
Project("{FAE04EC0-301F-11D3-BF4B-00C04F79EFBC}") = "libNetwork", "libNetwork\libNetwork.csproj", "{027F60E8-69B5-4F82-BD2B-75EC152AD069}"
EndProject
Global
	GlobalSection(SolutionConfigurationPlatforms) = preSolution
		Debug|Any CPU = Debug|Any CPU
		Release|Any CPU = Release|Any CPU
	EndGlobalSection
	GlobalSection(ProjectConfigurationPlatforms) = postSolution
		{40D340D4-BAF0-4A33-9246-E813E67426FC}.Debug|Any CPU.ActiveCfg = Debug|Any CPU
		{40D340D4-BAF0-4A33-9246-E813E67426FC}.Debug|Any CPU.Build.0 = Debug|Any CPU
		{40D340D4-BAF0-4A33-9246-E813E67426FC}.Release|Any CPU.ActiveCfg = Release|Any CPU
		{40D340D4-BAF0-4A33-9246-E813E67426FC}.Release|Any CPU.Build.0 = Release|Any CPU
		{F2A635E7-BBC1-47A6-9217-2596CBA334BD}.Debug|Any CPU.ActiveCfg = Debug|Any CPU
		{F2A635E7-BBC1-47A6-9217-2596CBA334BD}.Debug|Any CPU.Build.0 = Debug|Any CPU
		{F2A635E7-BBC1-47A6-9217-2596CBA334BD}.Release|Any CPU.ActiveCfg = Release|Any CPU
		{F2A635E7-BBC1-47A6-9217-2596CBA334BD}.Release|Any CPU.Build.0 = Release|Any CPU
		{027F60E8-69B5-4F82-BD2B-75EC152AD069}.Debug|Any CPU.ActiveCfg = Debug|Any CPU
		{027F60E8-69B5-4F82-BD2B-75EC152AD069}.Debug|Any CPU.Build.0 = Debug|Any CPU
		{027F60E8-69B5-4F82-BD2B-75EC152AD069}.Release|Any CPU.ActiveCfg = Release|Any CPU
		{027F60E8-69B5-4F82-BD2B-75EC152AD069}.Release|Any CPU.Build.0 = Release|Any CPU
	EndGlobalSection
	GlobalSection(SolutionProperties) = preSolution
		HideSolutionNode = FALSE
	EndGlobalSection
	GlobalSection(ExtensibilityGlobals) = postSolution
		SolutionGuid = {F053B06F-4C02-4334-B11C-07848E1FFBAA}
	EndGlobalSection
EndGlobal
